
Microsoft Visual Studio Solution File, Format Version 12.00
# Visual Studio Version 17
VisualStudioVersion = 17.14.36930.0 d17.14
MinimumVisualStudioVersion = 10.0.40219.1
Project("{FAE04EC0-301F-11D3-BF4B-00C04F79EFBC}") = "CustomerRepositoryLib", "CustomerRepositoryLib\CustomerRepositoryLib.csproj", "{EA91DA07-E223-4ED6-A144-21E09446938F}"
EndProject
Project("{FAE04EC0-301F-11D3-BF4B-00C04F79EFBC}") = "CustomerRepositoryTest", "CustomerRepositoryTest\CustomerRepositoryTest.csproj", "{C74DC1F5-670D-46D2-B948-9F28CA4CD506}"
EndProject
Global
	GlobalSection(SolutionConfigurationPlatforms) = preSolution
		Debug|Any CPU = Debug|Any CPU
		Release|Any CPU = Release|Any CPU
	EndGlobalSection
	GlobalSection(ProjectConfigurationPlatforms) = postSolution
		{EA91DA07-E223-4ED6-A144-21E09446938F}.Debug|Any CPU.ActiveCfg = Debug|Any CPU
		{EA91DA07-E223-4ED6-A144-21E09446938F}.Debug|Any CPU.Build.0 = Debug|Any CPU
		{EA91DA07-E223-4ED6-A144-21E09446938F}.Release|Any CPU.ActiveCfg = Release|Any CPU
		{EA91DA07-E223-4ED6-A144-21E09446938F}.Release|Any CPU.Build.0 = Release|Any CPU
		{C74DC1F5-670D-46D2-B948-9F28CA4CD506}.Debug|Any CPU.ActiveCfg = Debug|Any CPU
		{C74DC1F5-670D-46D2-B948-9F28CA4CD506}.Debug|Any CPU.Build.0 = Debug|Any CPU
		{C74DC1F5-670D-46D2-B948-9F28CA4CD506}.Release|Any CPU.ActiveCfg = Release|Any CPU
		{C74DC1F5-670D-46D2-B948-9F28CA4CD506}.Release|Any CPU.Build.0 = Release|Any CPU
	EndGlobalSection
	GlobalSection(SolutionProperties) = preSolution
		HideSolutionNode = FALSE
	EndGlobalSection
	GlobalSection(ExtensibilityGlobals) = postSolution
		SolutionGuid = {D8A8313F-2EA3-4062-8F6D-28F8B61265E9}
	EndGlobalSection
EndGlobal
